// !$*UTF8*$!
{
	archiveVersion = 1;
	classes = {
	};
	objectVersion = 46;
	objects = {

/* Begin PBXBuildFile section */
		AC2FB8CE17DA304000C46123 /* UIKit.framework in Frameworks */ = {isa = PBXBuildFile; fileRef = AC2FB8CD17DA304000C46123 /* UIKit.framework */; };
		AC2FB8D017DA304000C46123 /* Foundation.framework in Frameworks */ = {isa = PBXBuildFile; fileRef = AC2FB8CF17DA304000C46123 /* Foundation.framework */; };
		AC2FB8D217DA304000C46123 /* CoreGraphics.framework in Frameworks */ = {isa = PBXBuildFile; fileRef = AC2FB8D117DA304000C46123 /* CoreGraphics.framework */; };
		AC2FB8D817DA304000C46123 /* InfoPlist.strings in Resources */ = {isa = PBXBuildFile; fileRef = AC2FB8D617DA304000C46123 /* InfoPlist.strings */; };
		AC2FB8DA17DA304000C46123 /* main.m in Sources */ = {isa = PBXBuildFile; fileRef = AC2FB8D917DA304000C46123 /* main.m */; };
		AC2FB8DE17DA304000C46123 /* AppDelegate.m in Sources */ = {isa = PBXBuildFile; fileRef = AC2FB8DD17DA304000C46123 /* AppDelegate.m */; };
		AC2FB8E017DA304000C46123 /* Default.png in Resources */ = {isa = PBXBuildFile; fileRef = AC2FB8DF17DA304000C46123 /* Default.png */; };
		AC2FB8E217DA304000C46123 /* Default@2x.png in Resources */ = {isa = PBXBuildFile; fileRef = AC2FB8E117DA304000C46123 /* Default@2x.png */; };
		AC2FB8E417DA304000C46123 /* Default-568h@2x.png in Resources */ = {isa = PBXBuildFile; fileRef = AC2FB8E317DA304000C46123 /* Default-568h@2x.png */; };
		AC2FB8E717DA304000C46123 /* MainStoryboard_iPhone.storyboard in Resources */ = {isa = PBXBuildFile; fileRef = AC2FB8E517DA304000C46123 /* MainStoryboard_iPhone.storyboard */; };
		AC2FB8EA17DA304000C46123 /* MainStoryboard_iPad.storyboard in Resources */ = {isa = PBXBuildFile; fileRef = AC2FB8E817DA304000C46123 /* MainStoryboard_iPad.storyboard */; };
		AC2FB8ED17DA304000C46123 /* ViewController.m in Sources */ = {isa = PBXBuildFile; fileRef = AC2FB8EC17DA304000C46123 /* ViewController.m */; };
		ACE6B3B417DA4548007C6053 /* sample.json in Resources */ = {isa = PBXBuildFile; fileRef = ACE6B3B317DA4548007C6053 /* sample.json */; };
		ACE6B3B617DA4939007C6053 /* PXEngine.framework in Frameworks */ = {isa = PBXBuildFile; fileRef = ACE6B3B517DA4939007C6053 /* PXEngine.framework */; };
		ACE6B3B817DA498C007C6053 /* CoreText.framework in Frameworks */ = {isa = PBXBuildFile; fileRef = ACE6B3B717DA498C007C6053 /* CoreText.framework */; };
		ACE6B3BA17DA4991007C6053 /* QuartzCore.framework in Frameworks */ = {isa = PBXBuildFile; fileRef = ACE6B3B917DA4991007C6053 /* QuartzCore.framework */; };
		ACE6B3BD17DA4A25007C6053 /* default.css in Resources */ = {isa = PBXBuildFile; fileRef = ACE6B3BC17DA4A25007C6053 /* default.css */; };
/* End PBXBuildFile section */

/* Begin PBXFileReference section */
		AC2FB8CA17DA304000C46123 /* windaloo.app */ = {isa = PBXFileReference; explicitFileType = wrapper.application; includeInIndex = 0; path = windaloo.app; sourceTree = BUILT_PRODUCTS_DIR; };
		AC2FB8CD17DA304000C46123 /* UIKit.framework */ = {isa = PBXFileReference; lastKnownFileType = wrapper.framework; name = UIKit.framework; path = System/Library/Frameworks/UIKit.framework; sourceTree = SDKROOT; };
		AC2FB8CF17DA304000C46123 /* Foundation.framework */ = {isa = PBXFileReference; lastKnownFileType = wrapper.framework; name = Foundation.framework; path = System/Library/Frameworks/Foundation.framework; sourceTree = SDKROOT; };
		AC2FB8D117DA304000C46123 /* CoreGraphics.framework */ = {isa = PBXFileReference; lastKnownFileType = wrapper.framework; name = CoreGraphics.framework; path = System/Library/Frameworks/CoreGraphics.framework; sourceTree = SDKROOT; };
		AC2FB8D517DA304000C46123 /* windaloo-Info.plist */ = {isa = PBXFileReference; lastKnownFileType = text.plist.xml; path = "windaloo-Info.plist"; sourceTree = "<group>"; };
		AC2FB8D717DA304000C46123 /* en */ = {isa = PBXFileReference; lastKnownFileType = text.plist.strings; name = en; path = en.lproj/InfoPlist.strings; sourceTree = "<group>"; };
		AC2FB8D917DA304000C46123 /* main.m */ = {isa = PBXFileReference; lastKnownFileType = sourcecode.c.objc; path = main.m; sourceTree = "<group>"; };
		AC2FB8DB17DA304000C46123 /* windaloo-Prefix.pch */ = {isa = PBXFileReference; lastKnownFileType = sourcecode.c.h; path = "windaloo-Prefix.pch"; sourceTree = "<group>"; };
		AC2FB8DC17DA304000C46123 /* AppDelegate.h */ = {isa = PBXFileReference; lastKnownFileType = sourcecode.c.h; path = AppDelegate.h; sourceTree = "<group>"; };
		AC2FB8DD17DA304000C46123 /* AppDelegate.m */ = {isa = PBXFileReference; lastKnownFileType = sourcecode.c.objc; path = AppDelegate.m; sourceTree = "<group>"; };
		AC2FB8DF17DA304000C46123 /* Default.png */ = {isa = PBXFileReference; lastKnownFileType = image.png; path = Default.png; sourceTree = "<group>"; };
		AC2FB8E117DA304000C46123 /* Default@2x.png */ = {isa = PBXFileReference; lastKnownFileType = image.png; path = "Default@2x.png"; sourceTree = "<group>"; };
		AC2FB8E317DA304000C46123 /* Default-568h@2x.png */ = {isa = PBXFileReference; lastKnownFileType = image.png; path = "Default-568h@2x.png"; sourceTree = "<group>"; };
		AC2FB8E617DA304000C46123 /* en */ = {isa = PBXFileReference; lastKnownFileType = file.storyboard; name = en; path = en.lproj/MainStoryboard_iPhone.storyboard; sourceTree = "<group>"; };
		AC2FB8E917DA304000C46123 /* en */ = {isa = PBXFileReference; lastKnownFileType = file.storyboard; name = en; path = en.lproj/MainStoryboard_iPad.storyboard; sourceTree = "<group>"; };
		AC2FB8EB17DA304000C46123 /* ViewController.h */ = {isa = PBXFileReference; lastKnownFileType = sourcecode.c.h; path = ViewController.h; sourceTree = "<group>"; };
		AC2FB8EC17DA304000C46123 /* ViewController.m */ = {isa = PBXFileReference; lastKnownFileType = sourcecode.c.objc; path = ViewController.m; sourceTree = "<group>"; };
		ACE6B3B317DA4548007C6053 /* sample.json */ = {isa = PBXFileReference; fileEncoding = 4; lastKnownFileType = text.json; path = sample.json; sourceTree = "<group>"; };
		ACE6B3B517DA4939007C6053 /* PXEngine.framework */ = {isa = PBXFileReference; lastKnownFileType = wrapper.framework; path = PXEngine.framework; sourceTree = "<group>"; };
		ACE6B3B717DA498C007C6053 /* CoreText.framework */ = {isa = PBXFileReference; lastKnownFileType = wrapper.framework; name = CoreText.framework; path = System/Library/Frameworks/CoreText.framework; sourceTree = SDKROOT; };
		ACE6B3B917DA4991007C6053 /* QuartzCore.framework */ = {isa = PBXFileReference; lastKnownFileType = wrapper.framework; name = QuartzCore.framework; path = System/Library/Frameworks/QuartzCore.framework; sourceTree = SDKROOT; };
		ACE6B3BC17DA4A25007C6053 /* default.css */ = {isa = PBXFileReference; fileEncoding = 4; lastKnownFileType = text.css; path = default.css; sourceTree = "<group>"; };
/* End PBXFileReference section */

/* Begin PBXFrameworksBuildPhase section */
		AC2FB8C717DA304000C46123 /* Frameworks */ = {
			isa = PBXFrameworksBuildPhase;
			buildActionMask = 2147483647;
			files = (
				ACE6B3BA17DA4991007C6053 /* QuartzCore.framework in Frameworks */,
				ACE6B3B817DA498C007C6053 /* CoreText.framework in Frameworks */,
				AC2FB8CE17DA304000C46123 /* UIKit.framework in Frameworks */,
				AC2FB8D017DA304000C46123 /* Foundation.framework in Frameworks */,
				AC2FB8D217DA304000C46123 /* CoreGraphics.framework in Frameworks */,
				ACE6B3B617DA4939007C6053 /* PXEngine.framework in Frameworks */,
			);
			runOnlyForDeploymentPostprocessing = 0;
		};
/* End PBXFrameworksBuildPhase section */

/* Begin PBXGroup section */
		AC2FB8C117DA304000C46123 = {
			isa = PBXGroup;
			children = (
				ACE6B3BB17DA4A16007C6053 /* Resources */,
				ACE6B3B917DA4991007C6053 /* QuartzCore.framework */,
				ACE6B3B717DA498C007C6053 /* CoreText.framework */,
				AC2FB8D317DA304000C46123 /* windaloo */,
				AC2FB8CC17DA304000C46123 /* Frameworks */,
				AC2FB8CB17DA304000C46123 /* Products */,
			);
			sourceTree = "<group>";
		};
		AC2FB8CB17DA304000C46123 /* Products */ = {
			isa = PBXGroup;
			children = (
				AC2FB8CA17DA304000C46123 /* windaloo.app */,
			);
			name = Products;
			sourceTree = "<group>";
		};
		AC2FB8CC17DA304000C46123 /* Frameworks */ = {
			isa = PBXGroup;
			children = (
				ACE6B3B517DA4939007C6053 /* PXEngine.framework */,
				AC2FB8CD17DA304000C46123 /* UIKit.framework */,
				AC2FB8CF17DA304000C46123 /* Foundation.framework */,
				AC2FB8D117DA304000C46123 /* CoreGraphics.framework */,
			);
			name = Frameworks;
			sourceTree = "<group>";
		};
		AC2FB8D317DA304000C46123 /* windaloo */ = {
			isa = PBXGroup;
			children = (
				AC2FB8DC17DA304000C46123 /* AppDelegate.h */,
				AC2FB8DD17DA304000C46123 /* AppDelegate.m */,
				AC2FB8E517DA304000C46123 /* MainStoryboard_iPhone.storyboard */,
				AC2FB8E817DA304000C46123 /* MainStoryboard_iPad.storyboard */,
				AC2FB8EB17DA304000C46123 /* ViewController.h */,
				AC2FB8EC17DA304000C46123 /* ViewController.m */,
				ACE6B3B317DA4548007C6053 /* sample.json */,
				AC2FB8D417DA304000C46123 /* Supporting Files */,
			);
			path = windaloo;
			sourceTree = "<group>";
		};
		AC2FB8D417DA304000C46123 /* Supporting Files */ = {
			isa = PBXGroup;
			children = (
				AC2FB8D517DA304000C46123 /* windaloo-Info.plist */,
				AC2FB8D617DA304000C46123 /* InfoPlist.strings */,
				AC2FB8D917DA304000C46123 /* main.m */,
				AC2FB8DB17DA304000C46123 /* windaloo-Prefix.pch */,
				AC2FB8DF17DA304000C46123 /* Default.png */,
				AC2FB8E117DA304000C46123 /* Default@2x.png */,
				AC2FB8E317DA304000C46123 /* Default-568h@2x.png */,
			);
			name = "Supporting Files";
			sourceTree = "<group>";
		};
		ACE6B3BB17DA4A16007C6053 /* Resources */ = {
			isa = PBXGroup;
			children = (
				ACE6B3BC17DA4A25007C6053 /* default.css */,
			);
			name = Resources;
			sourceTree = "<group>";
		};
/* End PBXGroup section */

/* Begin PBXNativeTarget section */
		AC2FB8C917DA304000C46123 /* windaloo */ = {
			isa = PBXNativeTarget;
			buildConfigurationList = AC2FB8F017DA304000C46123 /* Build configuration list for PBXNativeTarget "windaloo" */;
			buildPhases = (
				AC2FB8C617DA304000C46123 /* Sources */,
				AC2FB8C717DA304000C46123 /* Frameworks */,
				AC2FB8C817DA304000C46123 /* Resources */,
			);
			buildRules = (
			);
			dependencies = (
			);
			name = windaloo;
			productName = windaloo;
			productReference = AC2FB8CA17DA304000C46123 /* windaloo.app */;
			productType = "com.apple.product-type.application";
		};
/* End PBXNativeTarget section */

/* Begin PBXProject section */
		AC2FB8C217DA304000C46123 /* Project object */ = {
			isa = PBXProject;
			attributes = {
				LastUpgradeCheck = 0460;
				ORGANIZATIONNAME = "Mario Stallone";
			};
			buildConfigurationList = AC2FB8C517DA304000C46123 /* Build configuration list for PBXProject "windaloo" */;
			compatibilityVersion = "Xcode 3.2";
			developmentRegion = English;
			hasScannedForEncodings = 0;
			knownRegions = (
				en,
			);
			mainGroup = AC2FB8C117DA304000C46123;
			productRefGroup = AC2FB8CB17DA304000C46123 /* Products */;
			projectDirPath = "";
			projectRoot = "";
			targets = (
				AC2FB8C917DA304000C46123 /* windaloo */,
			);
		};
/* End PBXProject section */

/* Begin PBXResourcesBuildPhase section */
		AC2FB8C817DA304000C46123 /* Resources */ = {
			isa = PBXResourcesBuildPhase;
			buildActionMask = 2147483647;
			files = (
				AC2FB8D817DA304000C46123 /* InfoPlist.strings in Resources */,
				AC2FB8E017DA304000C46123 /* Default.png in Resources */,
				AC2FB8E217DA304000C46123 /* Default@2x.png in Resources */,
				AC2FB8E417DA304000C46123 /* Default-568h@2x.png in Resources */,
				AC2FB8E717DA304000C46123 /* MainStoryboard_iPhone.storyboard in Resources */,
				AC2FB8EA17DA304000C46123 /* MainStoryboard_iPad.storyboard in Resources */,
				ACE6B3B417DA4548007C6053 /* sample.json in Resources */,
				ACE6B3BD17DA4A25007C6053 /* default.css in Resources */,
			);
			runOnlyForDeploymentPostprocessing = 0;
		};
/* End PBXResourcesBuildPhase section */

/* Begin PBXSourcesBuildPhase section */
		AC2FB8C617DA304000C46123 /* Sources */ = {
			isa = PBXSourcesBuildPhase;
			buildActionMask = 2147483647;
			files = (
				AC2FB8DA17DA304000C46123 /* main.m in Sources */,
				AC2FB8DE17DA304000C46123 /* AppDelegate.m in Sources */,
				AC2FB8ED17DA304000C46123 /* ViewController.m in Sources */,
			);
			runOnlyForDeploymentPostprocessing = 0;
		};
/* End PBXSourcesBuildPhase section */

/* Begin PBXVariantGroup section */
		AC2FB8D617DA304000C46123 /* InfoPlist.strings */ = {
			isa = PBXVariantGroup;
			children = (
				AC2FB8D717DA304000C46123 /* en */,
			);
			name = InfoPlist.strings;
			sourceTree = "<group>";
		};
		AC2FB8E517DA304000C46123 /* MainStoryboard_iPhone.storyboard */ = {
			isa = PBXVariantGroup;
			children = (
				AC2FB8E617DA304000C46123 /* en */,
			);
			name = MainStoryboard_iPhone.storyboard;
			sourceTree = "<group>";
		};
		AC2FB8E817DA304000C46123 /* MainStoryboard_iPad.storyboard */ = {
			isa = PBXVariantGroup;
			children = (
				AC2FB8E917DA304000C46123 /* en */,
			);
			name = MainStoryboard_iPad.storyboard;
			sourceTree = "<group>";
		};
/* End PBXVariantGroup section */

/* Begin XCBuildConfiguration section */
		AC2FB8EE17DA304000C46123 /* Debug */ = {
			isa = XCBuildConfiguration;
			buildSettings = {
				ALWAYS_SEARCH_USER_PATHS = NO;
				CLANG_CXX_LANGUAGE_STANDARD = "gnu++0x";
				CLANG_CXX_LIBRARY = "libc++";
				CLANG_ENABLE_OBJC_ARC = YES;
				CLANG_WARN_CONSTANT_CONVERSION = YES;
				CLANG_WARN_EMPTY_BODY = YES;
				CLANG_WARN_ENUM_CONVERSION = YES;
				CLANG_WARN_INT_CONVERSION = YES;
				CLANG_WARN__DUPLICATE_METHOD_MATCH = YES;
				"CODE_SIGN_IDENTITY[sdk=iphoneos*]" = "iPhone Developer";
				COPY_PHASE_STRIP = NO;
				GCC_C_LANGUAGE_STANDARD = gnu99;
				GCC_DYNAMIC_NO_PIC = NO;
				GCC_OPTIMIZATION_LEVEL = 0;
				GCC_PREPROCESSOR_DEFINITIONS = (
					"DEBUG=1",
					"$(inherited)",
				);
				GCC_SYMBOLS_PRIVATE_EXTERN = NO;
				GCC_WARN_ABOUT_RETURN_TYPE = YES;
				GCC_WARN_UNINITIALIZED_AUTOS = YES;
				GCC_WARN_UNUSED_VARIABLE = YES;
				IPHONEOS_DEPLOYMENT_TARGET = 6.1;
				ONLY_ACTIVE_ARCH = YES;
				SDKROOT = iphoneos;
				TARGETED_DEVICE_FAMILY = "1,2";
			};
			name = Debug;
		};
		AC2FB8EF17DA304000C46123 /* Release */ = {
			isa = XCBuildConfiguration;
			buildSettings = {
				ALWAYS_SEARCH_USER_PATHS = NO;
				CLANG_CXX_LANGUAGE_STANDARD = "gnu++0x";
				CLANG_CXX_LIBRARY = "libc++";
				CLANG_ENABLE_OBJC_ARC = YES;
				CLANG_WARN_CONSTANT_CONVERSION = YES;
				CLANG_WARN_EMPTY_BODY = YES;
				CLANG_WARN_ENUM_CONVERSION = YES;
				CLANG_WARN_INT_CONVERSION = YES;
				CLANG_WARN__DUPLICATE_METHOD_MATCH = YES;
				"CODE_SIGN_IDENTITY[sdk=iphoneos*]" = "iPhone Developer";
				COPY_PHASE_STRIP = YES;
				GCC_C_LANGUAGE_STANDARD = gnu99;
				GCC_WARN_ABOUT_RETURN_TYPE = YES;
				GCC_WARN_UNINITIALIZED_AUTOS = YES;
				GCC_WARN_UNUSED_VARIABLE = YES;
				IPHONEOS_DEPLOYMENT_TARGET = 6.1;
				OTHER_CFLAGS = "-DNS_BLOCK_ASSERTIONS=1";
				SDKROOT = iphoneos;
				TARGETED_DEVICE_FAMILY = "1,2";
				VALIDATE_PRODUCT = YES;
			};
			name = Release;
		};
		AC2FB8F117DA304000C46123 /* Debug */ = {
			isa = XCBuildConfiguration;
			buildSettings = {
				FRAMEWORK_SEARCH_PATHS = (
					"$(inherited)",
					"\"$(SRCROOT)\"",
				);
				GCC_PRECOMPILE_PREFIX_HEADER = YES;
				GCC_PREFIX_HEADER = "windaloo/windaloo-Prefix.pch";
				INFOPLIST_FILE = "windaloo/windaloo-Info.plist";
				OTHER_LDFLAGS = "-ObjC";
				PRODUCT_NAME = "$(TARGET_NAME)";
				WRAPPER_EXTENSION = app;
			};
			name = Debug;
		};
		AC2FB8F217DA304000C46123 /* Release */ = {
			isa = XCBuildConfiguration;
			buildSettings = {
				FRAMEWORK_SEARCH_PATHS = (
					"$(inherited)",
					"\"$(SRCROOT)\"",
				);
				GCC_PRECOMPILE_PREFIX_HEADER = YES;
				GCC_PREFIX_HEADER = "windaloo/windaloo-Prefix.pch";
				INFOPLIST_FILE = "windaloo/windaloo-Info.plist";
				OTHER_LDFLAGS = "-ObjC";
				PRODUCT_NAME = "$(TARGET_NAME)";
				WRAPPER_EXTENSION = app;
			};
			name = Release;
		};
/* End XCBuildConfiguration section */

/* Begin XCConfigurationList section */
		AC2FB8C517DA304000C46123 /* Build configuration list for PBXProject "windaloo" */ = {
			isa = XCConfigurationList;
			buildConfigurations = (
				AC2FB8EE17DA304000C46123 /* Debug */,
				AC2FB8EF17DA304000C46123 /* Release */,
			);
			defaultConfigurationIsVisible = 0;
			defaultConfigurationName = Release;
		};
		AC2FB8F017DA304000C46123 /* Build configuration list for PBXNativeTarget "windaloo" */ = {
			isa = XCConfigurationList;
			buildConfigurations = (
				AC2FB8F117DA304000C46123 /* Debug */,
				AC2FB8F217DA304000C46123 /* Release */,
			);
			defaultConfigurationIsVisible = 0;
			defaultConfigurationName = Release;
		};
/* End XCConfigurationList section */
	};
	rootObject = AC2FB8C217DA304000C46123 /* Project object */;
}
